<?xml version="1.0" encoding="utf-8"?>
<Project ToolsVersion="4.0" xmlns="http://schemas.microsoft.com/developer/msbuild/2003">
  <ItemGroup>
    <Filter Include="Source Files">
      <UniqueIdentifier>{4FC737F1-C7A5-4376-A066-2A32D752A2FF}</UniqueIdentifier>
      <Extensions>qml;cpp;c;cc;cxx;def;odl;idl;hpj;bat;asm;asmx</Extensions>
    </Filter>
    <Filter Include="Header Files">
      <UniqueIdentifier>{93995380-89BD-4b04-88EB-625FBE52EBFB}</UniqueIdentifier>
      <Extensions>h;hh;hpp;hxx;hm;inl;inc;xsd</Extensions>
    </Filter>
    <Filter Include="Resource Files">
      <UniqueIdentifier>{67DA6AB6-F800-4c08-8B7A-83BB121AAD01}</UniqueIdentifier>
      <Extensions>qrc;rc;ico;cur;bmp;dlg;rc2;rct;bin;rgs;gif;jpg;jpeg;jpe;resx;tiff;tif;png;wav;mfcribbon-ms</Extensions>
    </Filter>
    <Filter Include="Form Files">
      <UniqueIdentifier>{99349809-55BA-4b9d-BF79-8FDBB0286EB3}</UniqueIdentifier>
      <Extensions>ui</Extensions>
    </Filter>
    <Filter Include="Translation Files">
      <UniqueIdentifier>{639EADAA-A684-42e4-A9AD-28FC9BCB8F7C}</UniqueIdentifier>
      <Extensions>ts</Extensions>
    </Filter>
    <Filter Include="Header Files\services">
      <UniqueIdentifier>{934d4e33-ad0a-435a-b7e4-0caff5c7f4e4}</UniqueIdentifier>
    </Filter>
    <Filter Include="Source Files\services">
      <UniqueIdentifier>{4c249558-6993-4fb5-a590-5ca1edd2f385}</UniqueIdentifier>
    </Filter>
    <Filter Include="Form Files\Pages">
      <UniqueIdentifier>{fb138ac2-0e93-4a27-8a59-eaa8400abcb0}</UniqueIdentifier>
    </Filter>
    <Filter Include="Header Files\Pages">
      <UniqueIdentifier>{f228994d-6b90-41b1-b611-bc012e0599cb}</UniqueIdentifier>
    </Filter>
    <Filter Include="Source Files\Pages">
      <UniqueIdentifier>{152eaac1-bfe0-4bd7-b692-8d28afeed554}</UniqueIdentifier>
    </Filter>
    <Filter Include="Form Files\Menu">
      <UniqueIdentifier>{f35544b2-858a-4792-858b-12c3e9f700e7}</UniqueIdentifier>
    </Filter>
    <Filter Include="Form Files\Modals">
      <UniqueIdentifier>{def66a73-8db9-43b7-9e2b-a79c960cef3c}</UniqueIdentifier>
    </Filter>
    <Filter Include="Header Files\Modals">
      <UniqueIdentifier>{9473225f-6c4d-4115-8631-f166d37bb095}</UniqueIdentifier>
    </Filter>
    <Filter Include="Header Files\Menu">
      <UniqueIdentifier>{ee9afeca-5b97-4c44-939c-b66dfeb6e91a}</UniqueIdentifier>
    </Filter>
    <Filter Include="Source Files\Menu">
      <UniqueIdentifier>{4a8b2910-d2cc-4eff-9478-d87f3e5bed2d}</UniqueIdentifier>
    </Filter>
    <Filter Include="Source Files\Modals">
      <UniqueIdentifier>{d4351ec7-b176-469e-ad1d-706944b39b6a}</UniqueIdentifier>
    </Filter>
  </ItemGroup>
  <ItemGroup>
    <QtRcc Include="InventoryQtApp.qrc">
      <Filter>Resource Files</Filter>
    </QtRcc>
    <QtUic Include="InventoryQtApp.ui">
      <Filter>Form Files</Filter>
    </QtUic>
    <QtMoc Include="InventoryQtApp.h">
      <Filter>Header Files</Filter>
    </QtMoc>
    <ClCompile Include="InventoryQtApp.cpp">
      <Filter>Source Files</Filter>
    </ClCompile>
  </ItemGroup>
  <ItemGroup>
    <ClCompile Include="main.cpp">
      <Filter>Source Files</Filter>
    </ClCompile>
    <ClCompile Include="ApiClient.cpp">
      <Filter>Source Files\services</Filter>
    </ClCompile>
    <ClCompile Include="AuthService.cpp">
      <Filter>Source Files\services</Filter>
    </ClCompile>
    <ClCompile Include="ProductService.cpp">
      <Filter>Source Files\services</Filter>
    </ClCompile>
    <ClCompile Include="UserService.cpp">
      <Filter>Source Files\services</Filter>
    </ClCompile>
    <ClCompile Include="DashboardPage.cpp">
      <Filter>Source Files\Pages</Filter>
    </ClCompile>
    <ClCompile Include="ItemsPage.cpp">
      <Filter>Source Files\Pages</Filter>
    </ClCompile>
    <ClCompile Include="ItemsPage.cpp">
      <Filter>Source Files\Pages</Filter>
    </ClCompile>
    <ClCompile Include="AssetsPage.cpp">
      <Filter>Source Files\Pages</Filter>
    </ClCompile>
    <ClCompile Include="AddProductDialog.cpp">
      <Filter>Source Files\Modals</Filter>
    </ClCompile>
    <ClCompile Include="AddAssetDialog.cpp">
      <Filter>Source Files\Modals</Filter>
    </ClCompile>
    <ClCompile Include="DashboardWindow.cpp">
      <Filter>Source Files\Pages</Filter>
    </ClCompile>
    <ClCompile Include="SidebarWidget.cpp">
      <Filter>Source Files\Menu</Filter>
    </ClCompile>
    <ClCompile Include="VerticalWidget.cpp">
      <Filter>Source Files\Menu</Filter>
    </ClCompile>
    <ClCompile Include="AssetService.cpp">
      <Filter>Source Files\services</Filter>
    </ClCompile>
    <ClCompile Include="ReportService.cpp">
      <Filter>Source Files\services</Filter>
    </ClCompile>
    <ClCompile Include="ScanPage.cpp">
      <Filter>Source Files\Pages</Filter>
    </ClCompile>
    <ClCompile Include="Theme.cpp">
      <Filter>Source Files</Filter>
    </ClCompile>
    <ClCompile Include="AddEditTemplateDialog.cpp">
      <Filter>Source Files\Modals</Filter>
    </ClCompile>
    <ClCompile Include="AddEditTruckDialog.cpp">
      <Filter>Source Files\Modals</Filter>
    </ClCompile>
    <ClCompile Include="AssignmentsPage.cpp">
      <Filter>Source Files\Pages</Filter>
    </ClCompile>
    <ClCompile Include="AssignTemplateDialog.cpp">
      <Filter>Source Files\Modals</Filter>
    </ClCompile>
    <ClCompile Include="LowStockAlertsPage.cpp">
      <Filter>Source Files\Pages</Filter>
    </ClCompile>
    <ClCompile Include="MyTruckStockPage.cpp">
      <Filter>Source Files\Pages</Filter>
    </ClCompile>
    <ClCompile Include="ReceiptsPage.cpp">
      <Filter>Source Files\Pages</Filter>
    </ClCompile>
    <ClCompile Include="StockTemplatesPage.cpp">
      <Filter>Source Files\Pages</Filter>
    </ClCompile>
    <ClCompile Include="TruckStockDashboardPage.cpp">
      <Filter>Source Files\Pages</Filter>
    </ClCompile>
    <ClCompile Include="TrucksPage.cpp">
      <Filter>Source Files\Pages</Filter>
    </ClCompile>
    <ClCompile Include="UploadReceiptDialog.cpp">
      <Filter>Source Files\Modals</Filter>
    </ClCompile>
    <ClCompile Include="UseTruckItemDialog.cpp">
      <Filter>Source Files\Modals</Filter>
    </ClCompile>
    <ClCompile Include="UsersPage.cpp">
      <Filter>Source Files</Filter>
    </ClCompile>
    <ClCompile Include="AddEditUserDialog.cpp">
      <Filter>Source Files</Filter>
    </ClCompile>
    <ClCompile Include="TruckStockService.cpp">
      <Filter>Source Files</Filter>
    </ClCompile>
    <ClCompile Include="AddEditTemplateItemDialog.cpp">
      <Filter>Source Files</Filter>
    </ClCompile>
    <ClCompile Include="SettingsPage.cpp">
      <Filter>Source Files</Filter>
    </ClCompile>
    <ClCompile Include="ReportsPage.cpp">
      <Filter>Source Files</Filter>
    </ClCompile>
    <ClCompile Include="ErrorHandler.cpp">
      <Filter>Source Files</Filter>
    </ClCompile>
    <ClCompile Include="ExportUtility.cpp">
      <Filter>Source Files</Filter>
    </ClCompile>
    <ClCompile Include="AutoUpdateManager.cpp">
      <Filter>Source Files</Filter>
    </ClCompile>
  </ItemGroup>
  <ItemGroup>
    <ClInclude Include="ApiClient.h">
      <Filter>Header Files\services</Filter>
    </ClInclude>
    <ClInclude Include="AuthService.h">
      <Filter>Header Files\services</Filter>
    </ClInclude>
    <ClInclude Include="ProductService.h">
      <Filter>Header Files\services</Filter>
    </ClInclude>
    <ClInclude Include="UserService.h">
      <Filter>Header Files\services</Filter>
    </ClInclude>
    <ClInclude Include="AssetService.h">
      <Filter>Header Files\services</Filter>
    </ClInclude>
    <ClInclude Include="ReportService.h">
      <Filter>Header Files\services</Filter>
    </ClInclude>
    <ClInclude Include="Theme.h">
      <Filter>Header Files</Filter>
    </ClInclude>
    <ClInclude Include="Config.h">
      <Filter>Header Files</Filter>
    </ClInclude>
    <ClInclude Include="TruckStockService.h">
      <Filter>Header Files</Filter>
    </ClInclude>
    <ClInclude Include="ErrorHandler.h">
      <Filter>Header Files</Filter>
    </ClInclude>
    <ClInclude Include="ExportUtility.h">
      <Filter>Header Files</Filter>
    </ClInclude>
  </ItemGroup>
  <ItemGroup>
    <QtMoc Include="DashboardPage.h">
      <Filter>Header Files\Pages</Filter>
    </QtMoc>
    <QtMoc Include="ItemsPage.h">
      <Filter>Header Files\Pages</Filter>
    </QtMoc>
    <QtMoc Include="ItemsPage.h">
      <Filter>Header Files\Pages</Filter>
    </QtMoc>
    <QtMoc Include="AssetsPage.h">
      <Filter>Header Files\Pages</Filter>
    </QtMoc>
    <QtMoc Include="AddProductDialog.h">
      <Filter>Header Files\Modals</Filter>
    </QtMoc>
    <QtMoc Include="DashboardWindow.h">
      <Filter>Header Files\Pages</Filter>
    </QtMoc>
    <QtMoc Include="VerticalWidget.h">
      <Filter>Header Files\Menu</Filter>
    </QtMoc>
    <QtMoc Include="ScanPage.h">
      <Filter>Header Files\Pages</Filter>
    </QtMoc>
    <QtMoc Include="AddEditTruckDialog.h">
      <Filter>Header Files\Modals</Filter>
    </QtMoc>
    <QtMoc Include="AssignTemplateDialog.h">
      <Filter>Header Files\Modals</Filter>
    </QtMoc>
    <QtMoc Include="UploadReceiptDialog.h">
      <Filter>Header Files\Modals</Filter>
    </QtMoc>
    <QtMoc Include="UseTruckItemDialog.h">
      <Filter>Header Files\Modals</Filter>
    </QtMoc>
    <QtMoc Include="AddEditTemplateDialog.h">
      <Filter>Header Files\Modals</Filter>
    </QtMoc>
    <QtMoc Include="LowStockAlertsPage.h">
      <Filter>Header Files\Pages</Filter>
    </QtMoc>
    <QtMoc Include="MyTruckStockPage.h">
      <Filter>Header Files\Pages</Filter>
    </QtMoc>
    <QtMoc Include="ReceiptsPage.h">
      <Filter>Header Files\Pages</Filter>
    </QtMoc>
    <QtMoc Include="StockTemplatesPage.h">
      <Filter>Header Files\Pages</Filter>
    </QtMoc>
    <QtMoc Include="TrucksPage.h">
      <Filter>Header Files\Pages</Filter>
    </QtMoc>
    <QtMoc Include="TruckStockDashboardPage.h">
      <Filter>Header Files\Pages</Filter>
    </QtMoc>
    <QtMoc Include="SidebarWidget.h">
      <Filter>Header Files\Menu</Filter>
    </QtMoc>
    <QtMoc Include="AddEditTemplateItemDialog.h">
      <Filter>Header Files</Filter>
    </QtMoc>
    <QtMoc Include="AssignmentsPage.h">
      <Filter>Header Files\Pages</Filter>
    </QtMoc>
    <QtMoc Include="UsersPage.h">
      <Filter>Header Files</Filter>
    </QtMoc>
    <QtMoc Include="SettingsPage.h">
      <Filter>Header Files</Filter>
    </QtMoc>
    <QtMoc Include="AddAssetDialog.h">
      <Filter>Header Files\Modals</Filter>
    </QtMoc>
    <QtMoc Include="AddEditUserDialog.h">
      <Filter>Header Files</Filter>
    </QtMoc>
    <QtMoc Include="ReportsPage.h">
      <Filter>Header Files</Filter>
    </QtMoc>
    <QtMoc Include="AutoUpdateManager.h">
      <Filter>Header Files</Filter>
    </QtMoc>
  </ItemGroup>
  <ItemGroup>
    <QtUic Include="DashboardPage.ui">
      <Filter>Form Files\Pages</Filter>
    </QtUic>
    <QtUic Include="ItemsPage.ui">
      <Filter>Form Files\Pages</Filter>
    </QtUic>
    <QtUic Include="SidebarWidget.ui">
      <Filter>Form Files\Menu</Filter>
    </QtUic>
    <QtUic Include="VerticalWidget.ui">
      <Filter>Form Files\Menu</Filter>
    </QtUic>
    <QtUic Include="AddProductDialog.ui">
      <Filter>Form Files\Modals</Filter>
    </QtUic>
    <QtUic Include="AddAssetDialog.ui">
      <Filter>Form Files\Modals</Filter>
    </QtUic>
    <QtUic Include="AssetsPage.ui">
      <Filter>Form Files\Pages</Filter>
    </QtUic>
    <QtUic Include="DashboardWindow.ui">
      <Filter>Form Files\Pages</Filter>
    </QtUic>
    <QtUic Include="ScanPage.ui">
      <Filter>Form Files\Pages</Filter>
    </QtUic>
    <QtUic Include="AddEditTemplateDialog.ui">
      <Filter>Form Files\Modals</Filter>
    </QtUic>
    <QtUic Include="AddEditTruckDialog.ui">
      <Filter>Form Files\Modals</Filter>
    </QtUic>
    <QtUic Include="AssignTemplateDialog.ui">
      <Filter>Form Files\Modals</Filter>
    </QtUic>
    <QtUic Include="AssignmentsPage.ui">
      <Filter>Form Files\Pages</Filter>
    </QtUic>
    <QtUic Include="LowStockAlertsPage.ui">
      <Filter>Form Files\Pages</Filter>
    </QtUic>
    <QtUic Include="MyTruckStockPage.ui">
      <Filter>Form Files\Pages</Filter>
    </QtUic>
    <QtUic Include="ReceiptsPage.ui">
      <Filter>Form Files\Pages</Filter>
    </QtUic>
    <QtUic Include="StockTemplatesPage.ui">
      <Filter>Form Files\Pages</Filter>
    </QtUic>
    <QtUic Include="TrucksPage.ui">
      <Filter>Form Files\Pages</Filter>
    </QtUic>
    <QtUic Include="TruckStockDashboardPage.ui">
      <Filter>Form Files\Pages</Filter>
    </QtUic>
    <QtUic Include="UploadReceiptDialog.ui">
      <Filter>Form Files\Modals</Filter>
    </QtUic>
    <QtUic Include="UseTruckItemDialog.ui">
      <Filter>Form Files\Modals</Filter>
    </QtUic>
    <QtUic Include="UsersPage.ui">
      <Filter>Form Files</Filter>
    </QtUic>
    <QtUic Include="AddEditUserDialog.ui">
      <Filter>Form Files</Filter>
    </QtUic>
    <QtUic Include="AddEditTemplateItemDialog.ui">
      <Filter>Form Files</Filter>
    </QtUic>
    <QtUic Include="SettingsPage.ui">
      <Filter>Form Files</Filter>
    </QtUic>
    <QtUic Include="ReportsPage.ui">
      <Filter>Form Files</Filter>
    </QtUic>
  </ItemGroup>
  <ItemGroup>
    <None Include="FINAL_SETUP_GUIDE.md" />
    <None Include="IMPLEMENTATION_COMPLETE.md" />
    <None Include="PRODUCTION_READY.md" />
    <None Include="IMMEDIATE_ACTIONS.md" />
    <None Include="IMPLEMENTATION_STATUS.md" />
    <None Include="IMPLEMENTATION_REFERENCE.md" />
  </ItemGroup>
</Project>